// !$*UTF8*$!
{
	archiveVersion = 1;
	classes = {
	};
	objectVersion = 50;
	objects = {

/* Begin PBXBuildFile section */
		60891E8F22E5F9B300052F87 /* AppDelegate.m in Sources */ = {isa = PBXBuildFile; fileRef = 60891E8E22E5F9B300052F87 /* AppDelegate.m */; };
		60891E9222E5F9B300052F87 /* ViewController.m in Sources */ = {isa = PBXBuildFile; fileRef = 60891E9122E5F9B300052F87 /* ViewController.m */; };
		60891E9522E5F9B300052F87 /* Main.storyboard in Resources */ = {isa = PBXBuildFile; fileRef = 60891E9322E5F9B300052F87 /* Main.storyboard */; };
		60891E9722E5F9B400052F87 /* Assets.xcassets in Resources */ = {isa = PBXBuildFile; fileRef = 60891E9622E5F9B400052F87 /* Assets.xcassets */; };
		60891E9A22E5F9B400052F87 /* LaunchScreen.storyboard in Resources */ = {isa = PBXBuildFile; fileRef = 60891E9822E5F9B400052F87 /* LaunchScreen.storyboard */; };
		60891E9D22E5F9B400052F87 /* main.m in Sources */ = {isa = PBXBuildFile; fileRef = 60891E9C22E5F9B400052F87 /* main.m */; };
		60891EA422E5FD3200052F87 /* apps.plist in Resources */ = {isa = PBXBuildFile; fileRef = 60891EA322E5FD2700052F87 /* apps.plist */; };
		60891EA922E5FD4F00052F87 /* HMAppInfo.m in Sources */ = {isa = PBXBuildFile; fileRef = 60891EA722E5FD4F00052F87 /* HMAppInfo.m */; };
		60891EAA22E5FD4F00052F87 /* HMAppInfoCell.m in Sources */ = {isa = PBXBuildFile; fileRef = 60891EA822E5FD4F00052F87 /* HMAppInfoCell.m */; };
/* End PBXBuildFile section */

/* Begin PBXFileReference section */
		60891E8A22E5F9B300052F87 /* CircularReference.app */ = {isa = PBXFileReference; explicitFileType = wrapper.application; includeInIndex = 0; path = CircularReference.app; sourceTree = BUILT_PRODUCTS_DIR; };
		60891E8D22E5F9B300052F87 /* AppDelegate.h */ = {isa = PBXFileReference; lastKnownFileType = sourcecode.c.h; path = AppDelegate.h; sourceTree = "<group>"; };
		60891E8E22E5F9B300052F87 /* AppDelegate.m */ = {isa = PBXFileReference; lastKnownFileType = sourcecode.c.objc; path = AppDelegate.m; sourceTree = "<group>"; };
		60891E9022E5F9B300052F87 /* ViewController.h */ = {isa = PBXFileReference; lastKnownFileType = sourcecode.c.h; path = ViewController.h; sourceTree = "<group>"; };
		60891E9122E5F9B300052F87 /* ViewController.m */ = {isa = PBXFileReference; lastKnownFileType = sourcecode.c.objc; path = ViewController.m; sourceTree = "<group>"; };
		60891E9422E5F9B300052F87 /* Base */ = {isa = PBXFileReference; lastKnownFileType = file.storyboard; name = Base; path = Base.lproj/Main.storyboard; sourceTree = "<group>"; };
		60891E9622E5F9B400052F87 /* Assets.xcassets */ = {isa = PBXFileReference; lastKnownFileType = folder.assetcatalog; path = Assets.xcassets; sourceTree = "<group>"; };
		60891E9922E5F9B400052F87 /* Base */ = {isa = PBXFileReference; lastKnownFileType = file.storyboard; name = Base; path = Base.lproj/LaunchScreen.storyboard; sourceTree = "<group>"; };
		60891E9B22E5F9B400052F87 /* Info.plist */ = {isa = PBXFileReference; lastKnownFileType = text.plist.xml; path = Info.plist; sourceTree = "<group>"; };
		60891E9C22E5F9B400052F87 /* main.m */ = {isa = PBXFileReference; lastKnownFileType = sourcecode.c.objc; path = main.m; sourceTree = "<group>"; };
		60891EA322E5FD2700052F87 /* apps.plist */ = {isa = PBXFileReference; lastKnownFileType = text.plist.xml; path = apps.plist; sourceTree = "<group>"; };
		60891EA522E5FD4F00052F87 /* HMAppInfoCell.h */ = {isa = PBXFileReference; lastKnownFileType = sourcecode.c.h; path = HMAppInfoCell.h; sourceTree = "<group>"; };
		60891EA622E5FD4F00052F87 /* HMAppInfo.h */ = {isa = PBXFileReference; lastKnownFileType = sourcecode.c.h; path = HMAppInfo.h; sourceTree = "<group>"; };
		60891EA722E5FD4F00052F87 /* HMAppInfo.m */ = {isa = PBXFileReference; lastKnownFileType = sourcecode.c.objc; path = HMAppInfo.m; sourceTree = "<group>"; };
		60891EA822E5FD4F00052F87 /* HMAppInfoCell.m */ = {isa = PBXFileReference; lastKnownFileType = sourcecode.c.objc; path = HMAppInfoCell.m; sourceTree = "<group>"; };
/* End PBXFileReference section */

/* Begin PBXFrameworksBuildPhase section */
		60891E8722E5F9B300052F87 /* Frameworks */ = {
			isa = PBXFrameworksBuildPhase;
			buildActionMask = 2147483647;
			files = (
			);
			runOnlyForDeploymentPostprocessing = 0;
		};
/* End PBXFrameworksBuildPhase section */

/* Begin PBXGroup section */
		60891E8122E5F9B300052F87 = {
			isa = PBXGroup;
			children = (
				60891E8C22E5F9B300052F87 /* CircularReference */,
				60891E8B22E5F9B300052F87 /* Products */,
			);
			sourceTree = "<group>";
		};
		60891E8B22E5F9B300052F87 /* Products */ = {
			isa = PBXGroup;
			children = (
				60891E8A22E5F9B300052F87 /* CircularReference.app */,
			);
			name = Products;
			sourceTree = "<group>";
		};
		60891E8C22E5F9B300052F87 /* CircularReference */ = {
			isa = PBXGroup;
			children = (
				60891E8D22E5F9B300052F87 /* AppDelegate.h */,
				60891E8E22E5F9B300052F87 /* AppDelegate.m */,
				60891E9022E5F9B300052F87 /* ViewController.h */,
				60891E9122E5F9B300052F87 /* ViewController.m */,
				60891EA622E5FD4F00052F87 /* HMAppInfo.h */,
				60891EA722E5FD4F00052F87 /* HMAppInfo.m */,
				60891EA522E5FD4F00052F87 /* HMAppInfoCell.h */,
				60891EA822E5FD4F00052F87 /* HMAppInfoCell.m */,
				60891E9322E5F9B300052F87 /* Main.storyboard */,
				60891E9622E5F9B400052F87 /* Assets.xcassets */,
				60891E9822E5F9B400052F87 /* LaunchScreen.storyboard */,
				60891E9B22E5F9B400052F87 /* Info.plist */,
				60891EA322E5FD2700052F87 /* apps.plist */,
				60891E9C22E5F9B400052F87 /* main.m */,
			);
			path = CircularReference;
			sourceTree = "<group>";
		};
/* End PBXGroup section */

/* Begin PBXNativeTarget section */
		60891E8922E5F9B300052F87 /* CircularReference */ = {
			isa = PBXNativeTarget;
			buildConfigurationList = 60891EA022E5F9B400052F87 /* Build configuration list for PBXNativeTarget "CircularReference" */;
			buildPhases = (
				60891E8622E5F9B300052F87 /* Sources */,
				60891E8722E5F9B300052F87 /* Frameworks */,
				60891E8822E5F9B300052F87 /* Resources */,
			);
			buildRules = (
			);
			dependencies = (
			);
			name = CircularReference;
			productName = CircularReference;
			productReference = 60891E8A22E5F9B300052F87 /* CircularReference.app */;
			productType = "com.apple.product-type.application";
		};
/* End PBXNativeTarget section */

/* Begin PBXProject section */
		60891E8222E5F9B300052F87 /* Project object */ = {
			isa = PBXProject;
			attributes = {
				LastUpgradeCheck = 1020;
				ORGANIZATIONNAME = QinTuanye;
				TargetAttributes = {
					60891E8922E5F9B300052F87 = {
						CreatedOnToolsVersion = 10.2.1;
					};
				};
			};
			buildConfigurationList = 60891E8522E5F9B300052F87 /* Build configuration list for PBXProject "CircularReference" */;
			compatibilityVersion = "Xcode 9.3";
			developmentRegion = en;
			hasScannedForEncodings = 0;
			knownRegions = (
				en,
				Base,
			);
			mainGroup = 60891E8122E5F9B300052F87;
			productRefGroup = 60891E8B22E5F9B300052F87 /* Products */;
			projectDirPath = "";
			projectRoot = "";
			targets = (
				60891E8922E5F9B300052F87 /* CircularReference */,
			);
		};
/* End PBXProject section */

/* Begin PBXResourcesBuildPhase section */
		60891E8822E5F9B300052F87 /* Resources */ = {
			isa = PBXResourcesBuildPhase;
			buildActionMask = 2147483647;
			files = (
				60891EA422E5FD3200052F87 /* apps.plist in Resources */,
				60891E9A22E5F9B400052F87 /* LaunchScreen.storyboard in Resources */,
				60891E9722E5F9B400052F87 /* Assets.xcassets in Resources */,
				60891E9522E5F9B300052F87 /* Main.storyboard in Resources */,
			);
			runOnlyForDeploymentPostprocessing = 0;
		};
/* End PBXResourcesBuildPhase section */

/* Begin PBXSourcesBuildPhase section */
		60891E8622E5F9B300052F87 /* Sources */ = {
			isa = PBXSourcesBuildPhase;
			buildActionMask = 2147483647;
			files = (
				60891EAA22E5FD4F00052F87 /* HMAppInfoCell.m in Sources */,
				60891EA922E5FD4F00052F87 /* HMAppInfo.m in Sources */,
				60891E9222E5F9B300052F87 /* ViewController.m in Sources */,
				60891E9D22E5F9B400052F87 /* main.m in Sources */,
				60891E8F22E5F9B300052F87 /* AppDelegate.m in Sources */,
			);
			runOnlyForDeploymentPostprocessing = 0;
		};
/* End PBXSourcesBuildPhase section */

/* Begin PBXVariantGroup section */
		60891E9322E5F9B300052F87 /* Main.storyboard */ = {
			isa = PBXVariantGroup;
			children = (
				60891E9422E5F9B300052F87 /* Base */,
			);
			name = Main.storyboard;
			sourceTree = "<group>";
		};
		60891E9822E5F9B400052F87 /* LaunchScreen.storyboard */ = {
			isa = PBXVariantGroup;
			children = (
				60891E9922E5F9B400052F87 /* Base */,
			);
			name = LaunchScreen.storyboard;
			sourceTree = "<group>";
		};
/* End PBXVariantGroup section */

/* Begin XCBuildConfiguration section */
		60891E9E22E5F9B400052F87 /* Debug */ = {
			isa = XCBuildConfiguration;
			buildSettings = {
				ALWAYS_SEARCH_USER_PATHS = NO;
				CLANG_ANALYZER_NONNULL = YES;
				CLANG_ANALYZER_NUMBER_OBJECT_CONVERSION = YES_AGGRESSIVE;
				CLANG_CXX_LANGUAGE_STANDARD = "gnu++14";
				CLANG_CXX_LIBRARY = "libc++";
				CLANG_ENABLE_MODULES = YES;
				CLANG_ENABLE_OBJC_ARC = YES;
				CLANG_ENABLE_OBJC_WEAK = YES;
				CLANG_WARN_BLOCK_CAPTURE_AUTORELEASING = YES;
				CLANG_WARN_BOOL_CONVERSION = YES;
				CLANG_WARN_COMMA = YES;
				CLANG_WARN_CONSTANT_CONVERSION = YES;
				CLANG_WARN_DEPRECATED_OBJC_IMPLEMENTATIONS = YES;
				CLANG_WARN_DIRECT_OBJC_ISA_USAGE = YES_ERROR;
				CLANG_WARN_DOCUMENTATION_COMMENTS = YES;
				CLANG_WARN_EMPTY_BODY = YES;
				CLANG_WARN_ENUM_CONVERSION = YES;
				CLANG_WARN_INFINITE_RECURSION = YES;
				CLANG_WARN_INT_CONVERSION = YES;
				CLANG_WARN_NON_LITERAL_NULL_CONVERSION = YES;
				CLANG_WARN_OBJC_IMPLICIT_RETAIN_SELF = YES;
				CLANG_WARN_OBJC_LITERAL_CONVERSION = YES;
				CLANG_WARN_OBJC_ROOT_CLASS = YES_ERROR;
				CLANG_WARN_RANGE_LOOP_ANALYSIS = YES;
				CLANG_WARN_STRICT_PROTOTYPES = YES;
				CLANG_WARN_SUSPICIOUS_MOVE = YES;
				CLANG_WARN_UNGUARDED_AVAILABILITY = YES_AGGRESSIVE;
				CLANG_WARN_UNREACHABLE_CODE = YES;
				CLANG_WARN__DUPLICATE_METHOD_MATCH = YES;
				CODE_SIGN_IDENTITY = "iPhone Developer";
				COPY_PHASE_STRIP = NO;
				DEBUG_INFORMATION_FORMAT = dwarf;
				ENABLE_STRICT_OBJC_MSGSEND = YES;
				ENABLE_TESTABILITY = YES;
				GCC_C_LANGUAGE_STANDARD = gnu11;
				GCC_DYNAMIC_NO_PIC = NO;
				GCC_NO_COMMON_BLOCKS = YES;
				GCC_OPTIMIZATION_LEVEL = 0;
				GCC_PREPROCESSOR_DEFINITIONS = (
					"DEBUG=1",
					"$(inherited)",
				);
				GCC_WARN_64_TO_32_BIT_CONVERSION = YES;
				GCC_WARN_ABOUT_RETURN_TYPE = YES_ERROR;
				GCC_WARN_UNDECLARED_SELECTOR = YES;
				GCC_WARN_UNINITIALIZED_AUTOS = YES_AGGRESSIVE;
				GCC_WARN_UNUSED_FUNCTION = YES;
				GCC_WARN_UNUSED_VARIABLE = YES;
				IPHONEOS_DEPLOYMENT_TARGET = 12.2;
				MTL_ENABLE_DEBUG_INFO = INCLUDE_SOURCE;
				MTL_FAST_MATH = YES;
				ONLY_ACTIVE_ARCH = YES;
				SDKROOT = iphoneos;
			};
			name = Debug;
		};
		60891E9F22E5F9B400052F87 /* Release */ = {
			isa = XCBuildConfiguration;
			buildSettings = {
				ALWAYS_SEARCH_USER_PATHS = NO;
				CLANG_ANALYZER_NONNULL = YES;
				CLANG_ANALYZER_NUMBER_OBJECT_CONVERSION = YES_AGGRESSIVE;
				CLANG_CXX_LANGUAGE_STANDARD = "gnu++14";
				CLANG_CXX_LIBRARY = "libc++";
				CLANG_ENABLE_MODULES = YES;
				CLANG_ENABLE_OBJC_ARC = YES;
				CLANG_ENABLE_OBJC_WEAK = YES;
				CLANG_WARN_BLOCK_CAPTURE_AUTORELEASING = YES;
				CLANG_WARN_BOOL_CONVERSION = YES;
				CLANG_WARN_COMMA = YES;
				CLANG_WARN_CONSTANT_CONVERSION = YES;
				CLANG_WARN_DEPRECATED_OBJC_IMPLEMENTATIONS = YES;
				CLANG_WARN_DIRECT_OBJC_ISA_USAGE = YES_ERROR;
				CLANG_WARN_DOCUMENTATION_COMMENTS = YES;
				CLANG_WARN_EMPTY_BODY = YES;
				CLANG_WARN_ENUM_CONVERSION = YES;
				CLANG_WARN_INFINITE_RECURSION = YES;
				CLANG_WARN_INT_CONVERSION = YES;
				CLANG_WARN_NON_LITERAL_NULL_CONVERSION = YES;
				CLANG_WARN_OBJC_IMPLICIT_RETAIN_SELF = YES;
				CLANG_WARN_OBJC_LITERAL_CONVERSION = YES;
				CLANG_WARN_OBJC_ROOT_CLASS = YES_ERROR;
				CLANG_WARN_RANGE_LOOP_ANALYSIS = YES;
				CLANG_WARN_STRICT_PROTOTYPES = YES;
				CLANG_WARN_SUSPICIOUS_MOVE = YES;
				CLANG_WARN_UNGUARDED_AVAILABILITY = YES_AGGRESSIVE;
				CLANG_WARN_UNREACHABLE_CODE = YES;
				CLANG_WARN__DUPLICATE_METHOD_MATCH = YES;
				CODE_SIGN_IDENTITY = "iPhone Developer";
				COPY_PHASE_STRIP = NO;
				DEBUG_INFORMATION_FORMAT = "dwarf-with-dsym";
				ENABLE_NS_ASSERTIONS = NO;
				ENABLE_STRICT_OBJC_MSGSEND = YES;
				GCC_C_LANGUAGE_STANDARD = gnu11;
				GCC_NO_COMMON_BLOCKS = YES;
				GCC_WARN_64_TO_32_BIT_CONVERSION = YES;
				GCC_WARN_ABOUT_RETURN_TYPE = YES_ERROR;
				GCC_WARN_UNDECLARED_SELECTOR = YES;
				GCC_WARN_UNINITIALIZED_AUTOS = YES_AGGRESSIVE;
				GCC_WARN_UNUSED_FUNCTION = YES;
				GCC_WARN_UNUSED_VARIABLE = YES;
				IPHONEOS_DEPLOYMENT_TARGET = 12.2;
				MTL_ENABLE_DEBUG_INFO = NO;
				MTL_FAST_MATH = YES;
				SDKROOT = iphoneos;
				VALIDATE_PRODUCT = YES;
			};
			name = Release;
		};
		60891EA122E5F9B400052F87 /* Debug */ = {
			isa = XCBuildConfiguration;
			buildSettings = {
				ASSETCATALOG_COMPILER_APPICON_NAME = AppIcon;
				CODE_SIGN_STYLE = Automatic;
				DEVELOPMENT_TEAM = "";
				INFOPLIST_FILE = CircularReference/Info.plist;
				LD_RUNPATH_SEARCH_PATHS = (
					"$(inherited)",
					"@executable_path/Frameworks",
				);
				PRODUCT_BUNDLE_IDENTIFIER = com.qty.CircularReference;
				PRODUCT_NAME = "$(TARGET_NAME)";
				TARGETED_DEVICE_FAMILY = "1,2";
			};
			name = Debug;
		};
		60891EA222E5F9B400052F87 /* Release */ = {
			isa = XCBuildConfiguration;
			buildSettings = {
				ASSETCATALOG_COMPILER_APPICON_NAME = AppIcon;
				CODE_SIGN_STYLE = Automatic;
				DEVELOPMENT_TEAM = "";
				INFOPLIST_FILE = CircularReference/Info.plist;
				LD_RUNPATH_SEARCH_PATHS = (
					"$(inherited)",
					"@executable_path/Frameworks",
				);
				PRODUCT_BUNDLE_IDENTIFIER = com.qty.CircularReference;
				PRODUCT_NAME = "$(TARGET_NAME)";
				TARGETED_DEVICE_FAMILY = "1,2";
			};
			name = Release;
		};
/* End XCBuildConfiguration section */

/* Begin XCConfigurationList section */
		60891E8522E5F9B300052F87 /* Build configuration list for PBXProject "CircularReference" */ = {
			isa = XCConfigurationList;
			buildConfigurations = (
				60891E9E22E5F9B400052F87 /* Debug */,
				60891E9F22E5F9B400052F87 /* Release */,
			);
			defaultConfigurationIsVisible = 0;
			defaultConfigurationName = Release;
		};
		60891EA022E5F9B400052F87 /* Build configuration list for PBXNativeTarget "CircularReference" */ = {
			isa = XCConfigurationList;
			buildConfigurations = (
				60891EA122E5F9B400052F87 /* Debug */,
				60891EA222E5F9B400052F87 /* Release */,
			);
			defaultConfigurationIsVisible = 0;
			defaultConfigurationName = Release;
		};
/* End XCConfigurationList section */
	};
	rootObject = 60891E8222E5F9B300052F87 /* Project object */;
}
