// !$*UTF8*$!
{
	archiveVersion = 1;
	classes = {
	};
	objectVersion = 50;
	objects = {

/* Begin PBXBuildFile section */
		60891D0E22E59FCB00052F87 /* AppDelegate.m in Sources */ = {isa = PBXBuildFile; fileRef = 60891D0D22E59FCB00052F87 /* AppDelegate.m */; };
		60891D1122E59FCB00052F87 /* ViewController.m in Sources */ = {isa = PBXBuildFile; fileRef = 60891D1022E59FCB00052F87 /* ViewController.m */; };
		60891D1422E59FCB00052F87 /* Main.storyboard in Resources */ = {isa = PBXBuildFile; fileRef = 60891D1222E59FCB00052F87 /* Main.storyboard */; };
		60891D1622E59FCD00052F87 /* Assets.xcassets in Resources */ = {isa = PBXBuildFile; fileRef = 60891D1522E59FCD00052F87 /* Assets.xcassets */; };
		60891D1922E59FCD00052F87 /* LaunchScreen.storyboard in Resources */ = {isa = PBXBuildFile; fileRef = 60891D1722E59FCD00052F87 /* LaunchScreen.storyboard */; };
		60891D1C22E59FCD00052F87 /* main.m in Sources */ = {isa = PBXBuildFile; fileRef = 60891D1B22E59FCD00052F87 /* main.m */; };
/* End PBXBuildFile section */

/* Begin PBXFileReference section */
		60891D0922E59FCB00052F87 /* MaxNumberOfConcurrent.app */ = {isa = PBXFileReference; explicitFileType = wrapper.application; includeInIndex = 0; path = MaxNumberOfConcurrent.app; sourceTree = BUILT_PRODUCTS_DIR; };
		60891D0C22E59FCB00052F87 /* AppDelegate.h */ = {isa = PBXFileReference; lastKnownFileType = sourcecode.c.h; path = AppDelegate.h; sourceTree = "<group>"; };
		60891D0D22E59FCB00052F87 /* AppDelegate.m */ = {isa = PBXFileReference; lastKnownFileType = sourcecode.c.objc; path = AppDelegate.m; sourceTree = "<group>"; };
		60891D0F22E59FCB00052F87 /* ViewController.h */ = {isa = PBXFileReference; lastKnownFileType = sourcecode.c.h; path = ViewController.h; sourceTree = "<group>"; };
		60891D1022E59FCB00052F87 /* ViewController.m */ = {isa = PBXFileReference; lastKnownFileType = sourcecode.c.objc; path = ViewController.m; sourceTree = "<group>"; };
		60891D1322E59FCB00052F87 /* Base */ = {isa = PBXFileReference; lastKnownFileType = file.storyboard; name = Base; path = Base.lproj/Main.storyboard; sourceTree = "<group>"; };
		60891D1522E59FCD00052F87 /* Assets.xcassets */ = {isa = PBXFileReference; lastKnownFileType = folder.assetcatalog; path = Assets.xcassets; sourceTree = "<group>"; };
		60891D1822E59FCD00052F87 /* Base */ = {isa = PBXFileReference; lastKnownFileType = file.storyboard; name = Base; path = Base.lproj/LaunchScreen.storyboard; sourceTree = "<group>"; };
		60891D1A22E59FCD00052F87 /* Info.plist */ = {isa = PBXFileReference; lastKnownFileType = text.plist.xml; path = Info.plist; sourceTree = "<group>"; };
		60891D1B22E59FCD00052F87 /* main.m */ = {isa = PBXFileReference; lastKnownFileType = sourcecode.c.objc; path = main.m; sourceTree = "<group>"; };
/* End PBXFileReference section */

/* Begin PBXFrameworksBuildPhase section */
		60891D0622E59FCB00052F87 /* Frameworks */ = {
			isa = PBXFrameworksBuildPhase;
			buildActionMask = 2147483647;
			files = (
			);
			runOnlyForDeploymentPostprocessing = 0;
		};
/* End PBXFrameworksBuildPhase section */

/* Begin PBXGroup section */
		60891D0022E59FCB00052F87 = {
			isa = PBXGroup;
			children = (
				60891D0B22E59FCB00052F87 /* MaxNumberOfConcurrent */,
				60891D0A22E59FCB00052F87 /* Products */,
			);
			sourceTree = "<group>";
		};
		60891D0A22E59FCB00052F87 /* Products */ = {
			isa = PBXGroup;
			children = (
				60891D0922E59FCB00052F87 /* MaxNumberOfConcurrent.app */,
			);
			name = Products;
			sourceTree = "<group>";
		};
		60891D0B22E59FCB00052F87 /* MaxNumberOfConcurrent */ = {
			isa = PBXGroup;
			children = (
				60891D0C22E59FCB00052F87 /* AppDelegate.h */,
				60891D0D22E59FCB00052F87 /* AppDelegate.m */,
				60891D0F22E59FCB00052F87 /* ViewController.h */,
				60891D1022E59FCB00052F87 /* ViewController.m */,
				60891D1222E59FCB00052F87 /* Main.storyboard */,
				60891D1522E59FCD00052F87 /* Assets.xcassets */,
				60891D1722E59FCD00052F87 /* LaunchScreen.storyboard */,
				60891D1A22E59FCD00052F87 /* Info.plist */,
				60891D1B22E59FCD00052F87 /* main.m */,
			);
			path = MaxNumberOfConcurrent;
			sourceTree = "<group>";
		};
/* End PBXGroup section */

/* Begin PBXNativeTarget section */
		60891D0822E59FCB00052F87 /* MaxNumberOfConcurrent */ = {
			isa = PBXNativeTarget;
			buildConfigurationList = 60891D1F22E59FCD00052F87 /* Build configuration list for PBXNativeTarget "MaxNumberOfConcurrent" */;
			buildPhases = (
				60891D0522E59FCB00052F87 /* Sources */,
				60891D0622E59FCB00052F87 /* Frameworks */,
				60891D0722E59FCB00052F87 /* Resources */,
			);
			buildRules = (
			);
			dependencies = (
			);
			name = MaxNumberOfConcurrent;
			productName = MaxNumberOfConcurrent;
			productReference = 60891D0922E59FCB00052F87 /* MaxNumberOfConcurrent.app */;
			productType = "com.apple.product-type.application";
		};
/* End PBXNativeTarget section */

/* Begin PBXProject section */
		60891D0122E59FCB00052F87 /* Project object */ = {
			isa = PBXProject;
			attributes = {
				LastUpgradeCheck = 1020;
				ORGANIZATIONNAME = QinTuanye;
				TargetAttributes = {
					60891D0822E59FCB00052F87 = {
						CreatedOnToolsVersion = 10.2.1;
					};
				};
			};
			buildConfigurationList = 60891D0422E59FCB00052F87 /* Build configuration list for PBXProject "MaxNumberOfConcurrent" */;
			compatibilityVersion = "Xcode 9.3";
			developmentRegion = en;
			hasScannedForEncodings = 0;
			knownRegions = (
				en,
				Base,
			);
			mainGroup = 60891D0022E59FCB00052F87;
			productRefGroup = 60891D0A22E59FCB00052F87 /* Products */;
			projectDirPath = "";
			projectRoot = "";
			targets = (
				60891D0822E59FCB00052F87 /* MaxNumberOfConcurrent */,
			);
		};
/* End PBXProject section */

/* Begin PBXResourcesBuildPhase section */
		60891D0722E59FCB00052F87 /* Resources */ = {
			isa = PBXResourcesBuildPhase;
			buildActionMask = 2147483647;
			files = (
				60891D1922E59FCD00052F87 /* LaunchScreen.storyboard in Resources */,
				60891D1622E59FCD00052F87 /* Assets.xcassets in Resources */,
				60891D1422E59FCB00052F87 /* Main.storyboard in Resources */,
			);
			runOnlyForDeploymentPostprocessing = 0;
		};
/* End PBXResourcesBuildPhase section */

/* Begin PBXSourcesBuildPhase section */
		60891D0522E59FCB00052F87 /* Sources */ = {
			isa = PBXSourcesBuildPhase;
			buildActionMask = 2147483647;
			files = (
				60891D1122E59FCB00052F87 /* ViewController.m in Sources */,
				60891D1C22E59FCD00052F87 /* main.m in Sources */,
				60891D0E22E59FCB00052F87 /* AppDelegate.m in Sources */,
			);
			runOnlyForDeploymentPostprocessing = 0;
		};
/* End PBXSourcesBuildPhase section */

/* Begin PBXVariantGroup section */
		60891D1222E59FCB00052F87 /* Main.storyboard */ = {
			isa = PBXVariantGroup;
			children = (
				60891D1322E59FCB00052F87 /* Base */,
			);
			name = Main.storyboard;
			sourceTree = "<group>";
		};
		60891D1722E59FCD00052F87 /* LaunchScreen.storyboard */ = {
			isa = PBXVariantGroup;
			children = (
				60891D1822E59FCD00052F87 /* Base */,
			);
			name = LaunchScreen.storyboard;
			sourceTree = "<group>";
		};
/* End PBXVariantGroup section */

/* Begin XCBuildConfiguration section */
		60891D1D22E59FCD00052F87 /* Debug */ = {
			isa = XCBuildConfiguration;
			buildSettings = {
				ALWAYS_SEARCH_USER_PATHS = NO;
				CLANG_ANALYZER_NONNULL = YES;
				CLANG_ANALYZER_NUMBER_OBJECT_CONVERSION = YES_AGGRESSIVE;
				CLANG_CXX_LANGUAGE_STANDARD = "gnu++14";
				CLANG_CXX_LIBRARY = "libc++";
				CLANG_ENABLE_MODULES = YES;
				CLANG_ENABLE_OBJC_ARC = YES;
				CLANG_ENABLE_OBJC_WEAK = YES;
				CLANG_WARN_BLOCK_CAPTURE_AUTORELEASING = YES;
				CLANG_WARN_BOOL_CONVERSION = YES;
				CLANG_WARN_COMMA = YES;
				CLANG_WARN_CONSTANT_CONVERSION = YES;
				CLANG_WARN_DEPRECATED_OBJC_IMPLEMENTATIONS = YES;
				CLANG_WARN_DIRECT_OBJC_ISA_USAGE = YES_ERROR;
				CLANG_WARN_DOCUMENTATION_COMMENTS = YES;
				CLANG_WARN_EMPTY_BODY = YES;
				CLANG_WARN_ENUM_CONVERSION = YES;
				CLANG_WARN_INFINITE_RECURSION = YES;
				CLANG_WARN_INT_CONVERSION = YES;
				CLANG_WARN_NON_LITERAL_NULL_CONVERSION = YES;
				CLANG_WARN_OBJC_IMPLICIT_RETAIN_SELF = YES;
				CLANG_WARN_OBJC_LITERAL_CONVERSION = YES;
				CLANG_WARN_OBJC_ROOT_CLASS = YES_ERROR;
				CLANG_WARN_RANGE_LOOP_ANALYSIS = YES;
				CLANG_WARN_STRICT_PROTOTYPES = YES;
				CLANG_WARN_SUSPICIOUS_MOVE = YES;
				CLANG_WARN_UNGUARDED_AVAILABILITY = YES_AGGRESSIVE;
				CLANG_WARN_UNREACHABLE_CODE = YES;
				CLANG_WARN__DUPLICATE_METHOD_MATCH = YES;
				CODE_SIGN_IDENTITY = "iPhone Developer";
				COPY_PHASE_STRIP = NO;
				DEBUG_INFORMATION_FORMAT = dwarf;
				ENABLE_STRICT_OBJC_MSGSEND = YES;
				ENABLE_TESTABILITY = YES;
				GCC_C_LANGUAGE_STANDARD = gnu11;
				GCC_DYNAMIC_NO_PIC = NO;
				GCC_NO_COMMON_BLOCKS = YES;
				GCC_OPTIMIZATION_LEVEL = 0;
				GCC_PREPROCESSOR_DEFINITIONS = (
					"DEBUG=1",
					"$(inherited)",
				);
				GCC_WARN_64_TO_32_BIT_CONVERSION = YES;
				GCC_WARN_ABOUT_RETURN_TYPE = YES_ERROR;
				GCC_WARN_UNDECLARED_SELECTOR = YES;
				GCC_WARN_UNINITIALIZED_AUTOS = YES_AGGRESSIVE;
				GCC_WARN_UNUSED_FUNCTION = YES;
				GCC_WARN_UNUSED_VARIABLE = YES;
				IPHONEOS_DEPLOYMENT_TARGET = 12.2;
				MTL_ENABLE_DEBUG_INFO = INCLUDE_SOURCE;
				MTL_FAST_MATH = YES;
				ONLY_ACTIVE_ARCH = YES;
				SDKROOT = iphoneos;
			};
			name = Debug;
		};
		60891D1E22E59FCD00052F87 /* Release */ = {
			isa = XCBuildConfiguration;
			buildSettings = {
				ALWAYS_SEARCH_USER_PATHS = NO;
				CLANG_ANALYZER_NONNULL = YES;
				CLANG_ANALYZER_NUMBER_OBJECT_CONVERSION = YES_AGGRESSIVE;
				CLANG_CXX_LANGUAGE_STANDARD = "gnu++14";
				CLANG_CXX_LIBRARY = "libc++";
				CLANG_ENABLE_MODULES = YES;
				CLANG_ENABLE_OBJC_ARC = YES;
				CLANG_ENABLE_OBJC_WEAK = YES;
				CLANG_WARN_BLOCK_CAPTURE_AUTORELEASING = YES;
				CLANG_WARN_BOOL_CONVERSION = YES;
				CLANG_WARN_COMMA = YES;
				CLANG_WARN_CONSTANT_CONVERSION = YES;
				CLANG_WARN_DEPRECATED_OBJC_IMPLEMENTATIONS = YES;
				CLANG_WARN_DIRECT_OBJC_ISA_USAGE = YES_ERROR;
				CLANG_WARN_DOCUMENTATION_COMMENTS = YES;
				CLANG_WARN_EMPTY_BODY = YES;
				CLANG_WARN_ENUM_CONVERSION = YES;
				CLANG_WARN_INFINITE_RECURSION = YES;
				CLANG_WARN_INT_CONVERSION = YES;
				CLANG_WARN_NON_LITERAL_NULL_CONVERSION = YES;
				CLANG_WARN_OBJC_IMPLICIT_RETAIN_SELF = YES;
				CLANG_WARN_OBJC_LITERAL_CONVERSION = YES;
				CLANG_WARN_OBJC_ROOT_CLASS = YES_ERROR;
				CLANG_WARN_RANGE_LOOP_ANALYSIS = YES;
				CLANG_WARN_STRICT_PROTOTYPES = YES;
				CLANG_WARN_SUSPICIOUS_MOVE = YES;
				CLANG_WARN_UNGUARDED_AVAILABILITY = YES_AGGRESSIVE;
				CLANG_WARN_UNREACHABLE_CODE = YES;
				CLANG_WARN__DUPLICATE_METHOD_MATCH = YES;
				CODE_SIGN_IDENTITY = "iPhone Developer";
				COPY_PHASE_STRIP = NO;
				DEBUG_INFORMATION_FORMAT = "dwarf-with-dsym";
				ENABLE_NS_ASSERTIONS = NO;
				ENABLE_STRICT_OBJC_MSGSEND = YES;
				GCC_C_LANGUAGE_STANDARD = gnu11;
				GCC_NO_COMMON_BLOCKS = YES;
				GCC_WARN_64_TO_32_BIT_CONVERSION = YES;
				GCC_WARN_ABOUT_RETURN_TYPE = YES_ERROR;
				GCC_WARN_UNDECLARED_SELECTOR = YES;
				GCC_WARN_UNINITIALIZED_AUTOS = YES_AGGRESSIVE;
				GCC_WARN_UNUSED_FUNCTION = YES;
				GCC_WARN_UNUSED_VARIABLE = YES;
				IPHONEOS_DEPLOYMENT_TARGET = 12.2;
				MTL_ENABLE_DEBUG_INFO = NO;
				MTL_FAST_MATH = YES;
				SDKROOT = iphoneos;
				VALIDATE_PRODUCT = YES;
			};
			name = Release;
		};
		60891D2022E59FCD00052F87 /* Debug */ = {
			isa = XCBuildConfiguration;
			buildSettings = {
				ASSETCATALOG_COMPILER_APPICON_NAME = AppIcon;
				CODE_SIGN_STYLE = Automatic;
				DEVELOPMENT_TEAM = "";
				INFOPLIST_FILE = MaxNumberOfConcurrent/Info.plist;
				LD_RUNPATH_SEARCH_PATHS = (
					"$(inherited)",
					"@executable_path/Frameworks",
				);
				PRODUCT_BUNDLE_IDENTIFIER = com.qty.MaxNumberOfConcurrent;
				PRODUCT_NAME = "$(TARGET_NAME)";
				TARGETED_DEVICE_FAMILY = "1,2";
			};
			name = Debug;
		};
		60891D2122E59FCD00052F87 /* Release */ = {
			isa = XCBuildConfiguration;
			buildSettings = {
				ASSETCATALOG_COMPILER_APPICON_NAME = AppIcon;
				CODE_SIGN_STYLE = Automatic;
				DEVELOPMENT_TEAM = "";
				INFOPLIST_FILE = MaxNumberOfConcurrent/Info.plist;
				LD_RUNPATH_SEARCH_PATHS = (
					"$(inherited)",
					"@executable_path/Frameworks",
				);
				PRODUCT_BUNDLE_IDENTIFIER = com.qty.MaxNumberOfConcurrent;
				PRODUCT_NAME = "$(TARGET_NAME)";
				TARGETED_DEVICE_FAMILY = "1,2";
			};
			name = Release;
		};
/* End XCBuildConfiguration section */

/* Begin XCConfigurationList section */
		60891D0422E59FCB00052F87 /* Build configuration list for PBXProject "MaxNumberOfConcurrent" */ = {
			isa = XCConfigurationList;
			buildConfigurations = (
				60891D1D22E59FCD00052F87 /* Debug */,
				60891D1E22E59FCD00052F87 /* Release */,
			);
			defaultConfigurationIsVisible = 0;
			defaultConfigurationName = Release;
		};
		60891D1F22E59FCD00052F87 /* Build configuration list for PBXNativeTarget "MaxNumberOfConcurrent" */ = {
			isa = XCConfigurationList;
			buildConfigurations = (
				60891D2022E59FCD00052F87 /* Debug */,
				60891D2122E59FCD00052F87 /* Release */,
			);
			defaultConfigurationIsVisible = 0;
			defaultConfigurationName = Release;
		};
/* End XCConfigurationList section */
	};
	rootObject = 60891D0122E59FCB00052F87 /* Project object */;
}
